
Microsoft Visual Studio Solution File, Format Version 12.00
# Visual Studio Version 16
VisualStudioVersion = 16.0.29324.140
MinimumVisualStudioVersion = 10.0.40219.1
Project("{FAE04EC0-301F-11D3-BF4B-00C04F79EFBC}") = "lab.1.2", "lab.1.2.csproj", "{DC612254-B738-496C-93D8-E3E7CDBB73BB}"
EndProject
Global
	GlobalSection(SolutionConfigurationPlatforms) = preSolution
		Debug|Any CPU = Debug|Any CPU
		Release|Any CPU = Release|Any CPU
	EndGlobalSection
	GlobalSection(ProjectConfigurationPlatforms) = postSolution
		{DC612254-B738-496C-93D8-E3E7CDBB73BB}.Debug|Any CPU.ActiveCfg = Debug|Any CPU
		{DC612254-B738-496C-93D8-E3E7CDBB73BB}.Debug|Any CPU.Build.0 = Debug|Any CPU
		{DC612254-B738-496C-93D8-E3E7CDBB73BB}.Release|Any CPU.ActiveCfg = Release|Any CPU
		{DC612254-B738-496C-93D8-E3E7CDBB73BB}.Release|Any CPU.Build.0 = Release|Any CPU
	EndGlobalSection
	GlobalSection(SolutionProperties) = preSolution
		HideSolutionNode = FALSE
	EndGlobalSection
	GlobalSection(ExtensibilityGlobals) = postSolution
		SolutionGuid = {3C848969-1990-4921-A6CC-844B6A95F590}
	EndGlobalSection
EndGlobal
